{
  "originHash" : "abe6ae7adc9f29858dfbc1369cf5bc3ca2719d27a51aaa481e9cfd58894dffec",
  "pins" : [
    {
      "identity" : "eaidentitykit",
      "kind" : "remoteSourceControl",
      "location" : "https://github.com/MikeManzo/EAIdentityKit",
      "state" : {
        "branch" : "main",
        "revision" : "d58e43bd39bc5ce1d09bbe8ffa359e1af8d85292"
      }
    }
  ],
  "version" : 3
}
