// !$*UTF8*$!
{
	archiveVersion = 1;
	classes = {
	};
	objectVersion = 70;
	objects = {

/* Begin PBXBuildFile section */
		0000000000000001 /* BF6StatsTrackerApp.swift in Sources */ = {isa = PBXBuildFile; fileRef = 1000000000000001 /* BF6StatsTrackerApp.swift */; };
		0000000000000002 /* ContentView.swift in Sources */ = {isa = PBXBuildFile; fileRef = 1000000000000002 /* ContentView.swift */; };
		0000000000000003 /* Assets.xcassets in Resources */ = {isa = PBXBuildFile; fileRef = 1000000000000003 /* Assets.xcassets */; };
		0000000000000005 /* APIService.swift in Sources */ = {isa = PBXBuildFile; fileRef = 1000000000000005 /* APIService.swift */; };
		0000000000000006 /* CacheManager.swift in Sources */ = {isa = PBXBuildFile; fileRef = 1000000000000006 /* CacheManager.swift */; };
		0000000000000007 /* ClassTileView.swift in Sources */ = {isa = PBXBuildFile; fileRef = 1000000000000007 /* ClassTileView.swift */; };
		0000000000000008 /* WeaponStatsView.swift in Sources */ = {isa = PBXBuildFile; fileRef = 1000000000000008 /* WeaponStatsView.swift */; };
		0000000000000009 /* GadgetStatsView.swift in Sources */ = {isa = PBXBuildFile; fileRef = 1000000000000009 /* GadgetStatsView.swift */; };
		0000000000000010 /* VehicleStatsView.swift in Sources */ = {isa = PBXBuildFile; fileRef = 1000000000000010 /* VehicleStatsView.swift */; };
		0000000000000011 /* MenuBarView.swift in Sources */ = {isa = PBXBuildFile; fileRef = 1000000000000011 /* MenuBarView.swift */; };
		0000000000000012 /* SettingsView.swift in Sources */ = {isa = PBXBuildFile; fileRef = 1000000000000012 /* SettingsView.swift */; };
		0000000000000014 /* Extensions.swift in Sources */ = {isa = PBXBuildFile; fileRef = 1000000000000014 /* Extensions.swift */; };
		0000000000000015 /* DraggableTileContainer.swift in Sources */ = {isa = PBXBuildFile; fileRef = 1000000000000015 /* DraggableTileContainer.swift */; };
		0000000000000016 /* ImageLoader.swift in Sources */ = {isa = PBXBuildFile; fileRef = 1000000000000016 /* ImageLoader.swift */; };
		0000000000000017 /* PlayerSearchView.swift in Sources */ = {isa = PBXBuildFile; fileRef = 1000000000000017 /* PlayerSearchView.swift */; };
		0000000000000018 /* OverviewStatsView.swift in Sources */ = {isa = PBXBuildFile; fileRef = 1000000000000018 /* OverviewStatsView.swift */; };
		0000000000000019 /* LastMatchStatsView.swift in Sources */ = {isa = PBXBuildFile; fileRef = 1000000000000021 /* LastMatchStatsView.swift */; };
		0000000000000020 /* LastCompletedMatchView.swift in Sources */ = {isa = PBXBuildFile; fileRef = 1000000000000022 /* LastCompletedMatchView.swift */; };
		2719F33C2EF8819400C42191 /* DailyPerformanceView.swift in Sources */ = {isa = PBXBuildFile; fileRef = 2719F33B2EF8819400C42191 /* DailyPerformanceView.swift */; };
		2719F33E2EF881AA00C42191 /* DailyPerformance.swift in Sources */ = {isa = PBXBuildFile; fileRef = 2719F33D2EF881AA00C42191 /* DailyPerformance.swift */; };
		271CA0FE2F26DCD00037D232 /* AICoachView.swift in Sources */ = {isa = PBXBuildFile; fileRef = 271CA0FD2F26DCD00037D232 /* AICoachView.swift */; };
		271CA1002F26DCF30037D232 /* LocalAIService.swift in Sources */ = {isa = PBXBuildFile; fileRef = 271CA0FF2F26DCF30037D232 /* LocalAIService.swift */; };
		27368F412F45E384005DCF95 /* iCloudBackupService.swift in Sources */ = {isa = PBXBuildFile; fileRef = 27368F402F45E384005DCF95 /* iCloudBackupService.swift */; };
		274291AA2EDD12C4000D2B69 /* StatsViewModel+Logout.swift in Sources */ = {isa = PBXBuildFile; fileRef = 274291A92EDD12C4000D2B69 /* StatsViewModel+Logout.swift */; };
		2747A79C2F037B7C001CF709 /* StoredEAAccount.swift in Sources */ = {isa = PBXBuildFile; fileRef = 2747A79B2F037B7C001CF709 /* StoredEAAccount.swift */; };
		2747A79E2F037BA5001CF709 /* EAAccountStore.swift in Sources */ = {isa = PBXBuildFile; fileRef = 2747A79D2F037BA5001CF709 /* EAAccountStore.swift */; };
		2747A7A02F037BB8001CF709 /* AccountSelectionView.swift in Sources */ = {isa = PBXBuildFile; fileRef = 2747A79F2F037BB8001CF709 /* AccountSelectionView.swift */; };
		2749FA132F045D97004D2E1D /* PerformanceBadgeView.swift in Sources */ = {isa = PBXBuildFile; fileRef = 2749FA0F2F045D97004D2E1D /* PerformanceBadgeView.swift */; };
		2749FA142F045D97004D2E1D /* ProgressBarView.swift in Sources */ = {isa = PBXBuildFile; fileRef = 2749FA112F045D97004D2E1D /* ProgressBarView.swift */; };
		2749FA152F045D97004D2E1D /* PerformanceComparisonCard.swift in Sources */ = {isa = PBXBuildFile; fileRef = 2749FA102F045D97004D2E1D /* PerformanceComparisonCard.swift */; };
		2749FA162F045D97004D2E1D /* MiniSparklineView.swift in Sources */ = {isa = PBXBuildFile; fileRef = 2749FA0E2F045D97004D2E1D /* MiniSparklineView.swift */; };
		2749FA182F045DB0004D2E1D /* TodayVsYesterdayView.swift in Sources */ = {isa = PBXBuildFile; fileRef = 2749FA172F045DB0004D2E1D /* TodayVsYesterdayView.swift */; };
		2749FA192F045E00004D2E1D /* PerformanceDualComparisonCard.swift in Sources */ = {isa = PBXBuildFile; fileRef = 2749FA182F045E00004D2E1D /* PerformanceDualComparisonCard.swift */; };
		2749FA1A2F05DD55004D2E1D /* SearchableListView.swift in Sources */ = {isa = PBXBuildFile; fileRef = 2749FA192F05DD55004D2E1D /* SearchableListView.swift */; };
		2749FA1B2F045E10004D2E1D /* PerformanceDualComparisonCardDouble.swift in Sources */ = {isa = PBXBuildFile; fileRef = 2749FA1A2F045E10004D2E1D /* PerformanceDualComparisonCardDouble.swift */; };
		2749FA1C2F045E20004D2E1D /* EnhancedClassCard.swift in Sources */ = {isa = PBXBuildFile; fileRef = 2749FA1B2F045E20004D2E1D /* EnhancedClassCard.swift */; };
		2749FA1C2F05DD5C004D2E1D /* UnifiedStatCard.swift in Sources */ = {isa = PBXBuildFile; fileRef = 2749FA1B2F05DD5C004D2E1D /* UnifiedStatCard.swift */; };
		2749FA1E2F080A96004D2E1D /* AboutView.swift in Sources */ = {isa = PBXBuildFile; fileRef = 2749FA1D2F080A96004D2E1D /* AboutView.swift */; };
		274F85502F141A87000B1B90 /* LogEntry.swift in Sources */ = {isa = PBXBuildFile; fileRef = 274F854F2F141A87000B1B90 /* LogEntry.swift */; };
		274F85522F141A9B000B1B90 /* LoggerService.swift in Sources */ = {isa = PBXBuildFile; fileRef = 274F85512F141A9B000B1B90 /* LoggerService.swift */; };
		274F85542F141AD4000B1B90 /* StatsViewModel.swift in Sources */ = {isa = PBXBuildFile; fileRef = 274F85532F141AD4000B1B90 /* StatsViewModel.swift */; };
		274F85562F141AF0000B1B90 /* LogViewerView.swift in Sources */ = {isa = PBXBuildFile; fileRef = 274F85552F141AF0000B1B90 /* LogViewerView.swift */; };
		274F85592F141B32000B1B90 /* LogViewModel.swift in Sources */ = {isa = PBXBuildFile; fileRef = 274F85572F141B32000B1B90 /* LogViewModel.swift */; };
		275C316D2F4B5D96004000BC /* PlaystyleInsightsView.swift in Sources */ = {isa = PBXBuildFile; fileRef = 275C316C2F4B5D96004000BC /* PlaystyleInsightsView.swift */; };
		276C746B2F0D94F4002674A4 /* ProgressionBadge.swift in Sources */ = {isa = PBXBuildFile; fileRef = 276C746A2F0D94F4002674A4 /* ProgressionBadge.swift */; };
		276C746F2F0D9502002674A4 /* ModeEfficiencyView.swift in Sources */ = {isa = PBXBuildFile; fileRef = 276C746C2F0D9502002674A4 /* ModeEfficiencyView.swift */; };
		276C74712F0EDC88002674A4 /* MapsPlayedCard.swift in Sources */ = {isa = PBXBuildFile; fileRef = 276C74702F0EDC88002674A4 /* MapsPlayedCard.swift */; };
		27AIC0012F4EABC100000001 /* AICoachAnalysis.swift in Sources */ = {isa = PBXBuildFile; fileRef = 27AIC0002F4EABC100000001 /* AICoachAnalysis.swift */; };
		27B060442F28D8D600D4AEC1 /* MLX in Frameworks */ = {isa = PBXBuildFile; productRef = 27B060432F28D8D600D4AEC1 /* MLX */; };
		27B060472F28D8FA00D4AEC1 /* MLXLLM in Frameworks */ = {isa = PBXBuildFile; productRef = 27B060462F28D8FA00D4AEC1 /* MLXLLM */; };
		27B060492F28D8FA00D4AEC1 /* MLXLMCommon in Frameworks */ = {isa = PBXBuildFile; productRef = 27B060482F28D8FA00D4AEC1 /* MLXLMCommon */; };
		27B0604C2F28D9C700D4AEC1 /* Hub in Frameworks */ = {isa = PBXBuildFile; productRef = 27B0604B2F28D9C700D4AEC1 /* Hub */; };
		27B0604E2F28D9C700D4AEC1 /* Tokenizers in Frameworks */ = {isa = PBXBuildFile; productRef = 27B0604D2F28D9C700D4AEC1 /* Tokenizers */; };
		27B060502F28D9C700D4AEC1 /* Transformers in Frameworks */ = {isa = PBXBuildFile; productRef = 27B0604F2F28D9C700D4AEC1 /* Transformers */; };
		27B060532F28DAA600D4AEC1 /* MLX in Frameworks */ = {isa = PBXBuildFile; productRef = 27B060522F28DAA600D4AEC1 /* MLX */; };
		27B060562F28DAC500D4AEC1 /* MLXLLM in Frameworks */ = {isa = PBXBuildFile; productRef = 27B060552F28DAC500D4AEC1 /* MLXLLM */; };
		27B060582F28DAC500D4AEC1 /* MLXLMCommon in Frameworks */ = {isa = PBXBuildFile; productRef = 27B060572F28DAC500D4AEC1 /* MLXLMCommon */; };
		27B0605B2F28DAD000D4AEC1 /* Hub in Frameworks */ = {isa = PBXBuildFile; productRef = 27B0605A2F28DAD000D4AEC1 /* Hub */; };
		27B0605D2F28DAD000D4AEC1 /* Tokenizers in Frameworks */ = {isa = PBXBuildFile; productRef = 27B0605C2F28DAD000D4AEC1 /* Tokenizers */; };
		27B0605F2F28DAD000D4AEC1 /* Transformers in Frameworks */ = {isa = PBXBuildFile; productRef = 27B0605E2F28DAD000D4AEC1 /* Transformers */; };
		27B6F3F52F1483BC007E5393 /* SoundNotificationService.swift in Sources */ = {isa = PBXBuildFile; fileRef = 27B6F3F42F1483BC007E5393 /* SoundNotificationService.swift */; };
		27C267BC2EEF35AF006168AA /* MapTracker.swift in Sources */ = {isa = PBXBuildFile; fileRef = 27C267BB2EEF35AF006168AA /* MapTracker.swift */; };
		27C4B8972F0ADCA400B07E9D /* VehicleSpecialistView.swift in Sources */ = {isa = PBXBuildFile; fileRef = 27C4B8952F0ADCA400B07E9D /* VehicleSpecialistView.swift */; };
		27C4B8982F0ADCA400B07E9D /* IntelligenceView.swift in Sources */ = {isa = PBXBuildFile; fileRef = 27C4B8922F0ADCA400B07E9D /* IntelligenceView.swift */; };
		27C4B8992F0ADCA400B07E9D /* TeamSupportView.swift in Sources */ = {isa = PBXBuildFile; fileRef = 27C4B8932F0ADCA400B07E9D /* TeamSupportView.swift */; };
		27C4B89A2F0ADCA400B07E9D /* UtilityEffectivenessView.swift in Sources */ = {isa = PBXBuildFile; fileRef = 27C4B8942F0ADCA400B07E9D /* UtilityEffectivenessView.swift */; };
		27C4B89B2F0ADCA400B07E9D /* WeaponMasteryView.swift in Sources */ = {isa = PBXBuildFile; fileRef = 27C4B8962F0ADCA400B07E9D /* WeaponMasteryView.swift */; };
		27CPDOT12F460001004D2E1D /* ColorPickerDot.swift in Sources */ = {isa = PBXBuildFile; fileRef = 27CPDOT02F460001004D2E1D /* ColorPickerDot.swift */; };
		27D09C362F37E04C004572A8 /* SquadService.swift in Sources */ = {isa = PBXBuildFile; fileRef = 27D09C352F37E04C004572A8 /* SquadService.swift */; };
		27D09C382F37E095004572A8 /* SquadComparisonView.swift in Sources */ = {isa = PBXBuildFile; fileRef = 27D09C372F37E095004572A8 /* SquadComparisonView.swift */; };
		27E228D62F48857C005F4F4D /* PlayerStats.swift in Sources */ = {isa = PBXBuildFile; fileRef = 27E228D52F48857C005F4F4D /* PlayerStats.swift */; };
		27E228D82F48859A005F4F4D /* LastMatchStats.swift in Sources */ = {isa = PBXBuildFile; fileRef = 27E228D72F48859A005F4F4D /* LastMatchStats.swift */; };
		27E228DA2F4885CE005F4F4D /* DetailedStats.swift in Sources */ = {isa = PBXBuildFile; fileRef = 27E228D92F4885CE005F4F4D /* DetailedStats.swift */; };
		27E228DC2F488624005F4F4D /* Enums.swift in Sources */ = {isa = PBXBuildFile; fileRef = 27E228DB2F488624005F4F4D /* Enums.swift */; };
		27E228DE2F48863F005F4F4D /* SquadComparison.swift in Sources */ = {isa = PBXBuildFile; fileRef = 27E228DD2F48863F005F4F4D /* SquadComparison.swift */; };
		27E228E02F488652005F4F4D /* ProfileData.swift in Sources */ = {isa = PBXBuildFile; fileRef = 27E228DF2F488652005F4F4D /* ProfileData.swift */; };
		27E228E22F48866E005F4F4D /* Progression.swift in Sources */ = {isa = PBXBuildFile; fileRef = 27E228E12F48866E005F4F4D /* Progression.swift */; };
		27E228E42F488693005F4F4D /* AppSettings.swift in Sources */ = {isa = PBXBuildFile; fileRef = 27E228E32F488693005F4F4D /* AppSettings.swift */; };
		27E228E62F4886A3005F4F4D /* ErrorTypes.swift in Sources */ = {isa = PBXBuildFile; fileRef = 27E228E52F4886A3005F4F4D /* ErrorTypes.swift */; };
		27E228E92F488A9F005F4F4D /* HeaderSection.swift in Sources */ = {isa = PBXBuildFile; fileRef = 27E228E82F488A9F005F4F4D /* HeaderSection.swift */; };
		27E228EB2F488AC7005F4F4D /* NavigationComponents.swift in Sources */ = {isa = PBXBuildFile; fileRef = 27E228EA2F488AC7005F4F4D /* NavigationComponents.swift */; };
		27E228ED2F488AF0005F4F4D /* StateViews.swift in Sources */ = {isa = PBXBuildFile; fileRef = 27E228EC2F488AF0005F4F4D /* StateViews.swift */; };
		27E228EF2F488B15005F4F4D /* ContentViewComponents.swift in Sources */ = {isa = PBXBuildFile; fileRef = 27E228EE2F488B15005F4F4D /* ContentViewComponents.swift */; };
		27E228F12F488B2B005F4F4D /* LiquidGlassModifiers.swift in Sources */ = {isa = PBXBuildFile; fileRef = 27E228F02F488B2B005F4F4D /* LiquidGlassModifiers.swift */; };
		27E228F32F488B3F005F4F4D /* AnimationComponents.swift in Sources */ = {isa = PBXBuildFile; fileRef = 27E228F22F488B3F005F4F4D /* AnimationComponents.swift */; };
		27E228F52F488B4F005F4F4D /* ContentViewHelpers.swift in Sources */ = {isa = PBXBuildFile; fileRef = 27E228F42F488B4F005F4F4D /* ContentViewHelpers.swift */; };
		27E5437A2EE98DF300B01618 /* StatsSnapshot.swift in Sources */ = {isa = PBXBuildFile; fileRef = 27E543792EE98DF300B01618 /* StatsSnapshot.swift */; };
		27E5437B2EE98DF300B01618 /* ServerModels.swift in Sources */ = {isa = PBXBuildFile; fileRef = 27E543782EE98DF300B01618 /* ServerModels.swift */; };
		27E5437D2EE98E0800B01618 /* HistoryManager.swift in Sources */ = {isa = PBXBuildFile; fileRef = 27E5437C2EE98E0800B01618 /* HistoryManager.swift */; };
		27E5437F2EE98E2C00B01618 /* MapStatsView.swift in Sources */ = {isa = PBXBuildFile; fileRef = 27E5437E2EE98E2C00B01618 /* MapStatsView.swift */; };
		27E543812EE98E4100B01618 /* LoadoutAnalyzerView.swift in Sources */ = {isa = PBXBuildFile; fileRef = 27E543802EE98E4100B01618 /* LoadoutAnalyzerView.swift */; };
		27E543832EE98F1D00B01618 /* SessionHistoryView.swift in Sources */ = {isa = PBXBuildFile; fileRef = 27E543822EE98F1D00B01618 /* SessionHistoryView.swift */; };
		27E543852EE98F2D00B01618 /* PerformanceChartsView.swift in Sources */ = {isa = PBXBuildFile; fileRef = 27E543842EE98F2D00B01618 /* PerformanceChartsView.swift */; };
		27E543872EE98F4000B01618 /* ServerBrowserView.swift in Sources */ = {isa = PBXBuildFile; fileRef = 27E543862EE98F4000B01618 /* ServerBrowserView.swift */; };
		27E798072EE645F80002311A /* EAIdentityManager.swift in Sources */ = {isa = PBXBuildFile; fileRef = 27E798062EE645F80002311A /* EAIdentityManager.swift */; };
		27E798092EE646350002311A /* EALoginView.swift in Sources */ = {isa = PBXBuildFile; fileRef = 27E798082EE646350002311A /* EALoginView.swift */; };
/* End PBXBuildFile section */

/* Begin PBXFileReference section */
		1000000000000000 /* BF6StatsTracker.app */ = {isa = PBXFileReference; explicitFileType = wrapper.application; includeInIndex = 0; path = BF6StatsTracker.app; sourceTree = BUILT_PRODUCTS_DIR; };
		1000000000000001 /* BF6StatsTrackerApp.swift */ = {isa = PBXFileReference; lastKnownFileType = sourcecode.swift; path = BF6StatsTrackerApp.swift; sourceTree = "<group>"; };
		1000000000000002 /* ContentView.swift */ = {isa = PBXFileReference; lastKnownFileType = sourcecode.swift; path = ContentView.swift; sourceTree = "<group>"; };
		1000000000000003 /* Assets.xcassets */ = {isa = PBXFileReference; lastKnownFileType = folder.assetcatalog; path = Assets.xcassets; sourceTree = "<group>"; };
		1000000000000005 /* APIService.swift */ = {isa = PBXFileReference; lastKnownFileType = sourcecode.swift; path = APIService.swift; sourceTree = "<group>"; };
		1000000000000006 /* CacheManager.swift */ = {isa = PBXFileReference; lastKnownFileType = sourcecode.swift; path = CacheManager.swift; sourceTree = "<group>"; };
		1000000000000007 /* ClassTileView.swift */ = {isa = PBXFileReference; lastKnownFileType = sourcecode.swift; path = ClassTileView.swift; sourceTree = "<group>"; };
		1000000000000008 /* WeaponStatsView.swift */ = {isa = PBXFileReference; lastKnownFileType = sourcecode.swift; path = WeaponStatsView.swift; sourceTree = "<group>"; };
		1000000000000009 /* GadgetStatsView.swift */ = {isa = PBXFileReference; lastKnownFileType = sourcecode.swift; path = GadgetStatsView.swift; sourceTree = "<group>"; };
		1000000000000010 /* VehicleStatsView.swift */ = {isa = PBXFileReference; lastKnownFileType = sourcecode.swift; path = VehicleStatsView.swift; sourceTree = "<group>"; };
		1000000000000011 /* MenuBarView.swift */ = {isa = PBXFileReference; lastKnownFileType = sourcecode.swift; path = MenuBarView.swift; sourceTree = "<group>"; };
		1000000000000012 /* SettingsView.swift */ = {isa = PBXFileReference; lastKnownFileType = sourcecode.swift; path = SettingsView.swift; sourceTree = "<group>"; };
		1000000000000014 /* Extensions.swift */ = {isa = PBXFileReference; lastKnownFileType = sourcecode.swift; path = Extensions.swift; sourceTree = "<group>"; };
		1000000000000015 /* DraggableTileContainer.swift */ = {isa = PBXFileReference; lastKnownFileType = sourcecode.swift; path = DraggableTileContainer.swift; sourceTree = "<group>"; };
		1000000000000016 /* ImageLoader.swift */ = {isa = PBXFileReference; lastKnownFileType = sourcecode.swift; path = ImageLoader.swift; sourceTree = "<group>"; };
		1000000000000017 /* PlayerSearchView.swift */ = {isa = PBXFileReference; lastKnownFileType = sourcecode.swift; path = PlayerSearchView.swift; sourceTree = "<group>"; };
		1000000000000018 /* OverviewStatsView.swift */ = {isa = PBXFileReference; lastKnownFileType = sourcecode.swift; path = OverviewStatsView.swift; sourceTree = "<group>"; };
		1000000000000019 /* BF6StatsTracker.entitlements */ = {isa = PBXFileReference; lastKnownFileType = text.plist.entitlements; path = BF6StatsTracker.entitlements; sourceTree = "<group>"; };
		1000000000000020 /* Info.plist */ = {isa = PBXFileReference; lastKnownFileType = text.plist.xml; path = Info.plist; sourceTree = "<group>"; };
		1000000000000021 /* LastMatchStatsView.swift */ = {isa = PBXFileReference; lastKnownFileType = sourcecode.swift; path = LastMatchStatsView.swift; sourceTree = "<group>"; };
		1000000000000022 /* LastCompletedMatchView.swift */ = {isa = PBXFileReference; lastKnownFileType = sourcecode.swift; path = LastCompletedMatchView.swift; sourceTree = "<group>"; };
		2719F33B2EF8819400C42191 /* DailyPerformanceView.swift */ = {isa = PBXFileReference; lastKnownFileType = sourcecode.swift; path = DailyPerformanceView.swift; sourceTree = "<group>"; };
		2719F33D2EF881AA00C42191 /* DailyPerformance.swift */ = {isa = PBXFileReference; lastKnownFileType = sourcecode.swift; path = DailyPerformance.swift; sourceTree = "<group>"; };
		271CA0FD2F26DCD00037D232 /* AICoachView.swift */ = {isa = PBXFileReference; lastKnownFileType = sourcecode.swift; path = AICoachView.swift; sourceTree = "<group>"; };
		271CA0FF2F26DCF30037D232 /* LocalAIService.swift */ = {isa = PBXFileReference; lastKnownFileType = sourcecode.swift; path = LocalAIService.swift; sourceTree = "<group>"; };
		27368F402F45E384005DCF95 /* iCloudBackupService.swift */ = {isa = PBXFileReference; lastKnownFileType = sourcecode.swift; path = iCloudBackupService.swift; sourceTree = "<group>"; };
		274291A92EDD12C4000D2B69 /* StatsViewModel+Logout.swift */ = {isa = PBXFileReference; lastKnownFileType = sourcecode.swift; path = "StatsViewModel+Logout.swift"; sourceTree = "<group>"; };
		2747A79B2F037B7C001CF709 /* StoredEAAccount.swift */ = {isa = PBXFileReference; lastKnownFileType = sourcecode.swift; path = StoredEAAccount.swift; sourceTree = "<group>"; };
		2747A79D2F037BA5001CF709 /* EAAccountStore.swift */ = {isa = PBXFileReference; lastKnownFileType = sourcecode.swift; path = EAAccountStore.swift; sourceTree = "<group>"; };
		2747A79F2F037BB8001CF709 /* AccountSelectionView.swift */ = {isa = PBXFileReference; lastKnownFileType = sourcecode.swift; path = AccountSelectionView.swift; sourceTree = "<group>"; };
		2749FA0E2F045D97004D2E1D /* MiniSparklineView.swift */ = {isa = PBXFileReference; lastKnownFileType = sourcecode.swift; path = MiniSparklineView.swift; sourceTree = "<group>"; };
		2749FA0F2F045D97004D2E1D /* PerformanceBadgeView.swift */ = {isa = PBXFileReference; lastKnownFileType = sourcecode.swift; path = PerformanceBadgeView.swift; sourceTree = "<group>"; };
		2749FA102F045D97004D2E1D /* PerformanceComparisonCard.swift */ = {isa = PBXFileReference; lastKnownFileType = sourcecode.swift; path = PerformanceComparisonCard.swift; sourceTree = "<group>"; };
		2749FA112F045D97004D2E1D /* ProgressBarView.swift */ = {isa = PBXFileReference; lastKnownFileType = sourcecode.swift; path = ProgressBarView.swift; sourceTree = "<group>"; };
		2749FA172F045DB0004D2E1D /* TodayVsYesterdayView.swift */ = {isa = PBXFileReference; lastKnownFileType = sourcecode.swift; path = TodayVsYesterdayView.swift; sourceTree = "<group>"; };
		2749FA182F045E00004D2E1D /* PerformanceDualComparisonCard.swift */ = {isa = PBXFileReference; lastKnownFileType = sourcecode.swift; path = PerformanceDualComparisonCard.swift; sourceTree = "<group>"; };
		2749FA192F05DD55004D2E1D /* SearchableListView.swift */ = {isa = PBXFileReference; lastKnownFileType = sourcecode.swift; path = SearchableListView.swift; sourceTree = "<group>"; };
		2749FA1A2F045E10004D2E1D /* PerformanceDualComparisonCardDouble.swift */ = {isa = PBXFileReference; lastKnownFileType = sourcecode.swift; path = PerformanceDualComparisonCardDouble.swift; sourceTree = "<group>"; };
		2749FA1B2F045E20004D2E1D /* EnhancedClassCard.swift */ = {isa = PBXFileReference; lastKnownFileType = sourcecode.swift; path = EnhancedClassCard.swift; sourceTree = "<group>"; };
		2749FA1B2F05DD5C004D2E1D /* UnifiedStatCard.swift */ = {isa = PBXFileReference; lastKnownFileType = sourcecode.swift; path = UnifiedStatCard.swift; sourceTree = "<group>"; };
		2749FA1D2F080A96004D2E1D /* AboutView.swift */ = {isa = PBXFileReference; lastKnownFileType = sourcecode.swift; path = AboutView.swift; sourceTree = "<group>"; };
		2749FA772F0A26EF004D2E1D /* increment_build.sh */ = {isa = PBXFileReference; lastKnownFileType = text.script.sh; path = increment_build.sh; sourceTree = "<group>"; };
		274F854F2F141A87000B1B90 /* LogEntry.swift */ = {isa = PBXFileReference; lastKnownFileType = sourcecode.swift; path = LogEntry.swift; sourceTree = "<group>"; };
		274F85512F141A9B000B1B90 /* LoggerService.swift */ = {isa = PBXFileReference; lastKnownFileType = sourcecode.swift; path = LoggerService.swift; sourceTree = "<group>"; };
		274F85532F141AD4000B1B90 /* StatsViewModel.swift */ = {isa = PBXFileReference; lastKnownFileType = sourcecode.swift; path = StatsViewModel.swift; sourceTree = "<group>"; };
		274F85552F141AF0000B1B90 /* LogViewerView.swift */ = {isa = PBXFileReference; lastKnownFileType = sourcecode.swift; path = LogViewerView.swift; sourceTree = "<group>"; };
		274F85572F141B32000B1B90 /* LogViewModel.swift */ = {isa = PBXFileReference; lastKnownFileType = sourcecode.swift; path = LogViewModel.swift; sourceTree = "<group>"; };
		275C316C2F4B5D96004000BC /* PlaystyleInsightsView.swift */ = {isa = PBXFileReference; lastKnownFileType = sourcecode.swift; path = PlaystyleInsightsView.swift; sourceTree = "<group>"; };
		276C746A2F0D94F4002674A4 /* ProgressionBadge.swift */ = {isa = PBXFileReference; lastKnownFileType = sourcecode.swift; path = ProgressionBadge.swift; sourceTree = "<group>"; };
		276C746C2F0D9502002674A4 /* ModeEfficiencyView.swift */ = {isa = PBXFileReference; lastKnownFileType = sourcecode.swift; path = ModeEfficiencyView.swift; sourceTree = "<group>"; };
		276C74702F0EDC88002674A4 /* MapsPlayedCard.swift */ = {isa = PBXFileReference; lastKnownFileType = sourcecode.swift; path = MapsPlayedCard.swift; sourceTree = "<group>"; };
		27AIC0002F4EABC100000001 /* AICoachAnalysis.swift */ = {isa = PBXFileReference; lastKnownFileType = sourcecode.swift; path = AICoachAnalysis.swift; sourceTree = "<group>"; };
		27B6F3F42F1483BC007E5393 /* SoundNotificationService.swift */ = {isa = PBXFileReference; lastKnownFileType = sourcecode.swift; path = SoundNotificationService.swift; sourceTree = "<group>"; };
		27C267BB2EEF35AF006168AA /* MapTracker.swift */ = {isa = PBXFileReference; lastKnownFileType = sourcecode.swift; path = MapTracker.swift; sourceTree = "<group>"; };
		27C4B8922F0ADCA400B07E9D /* IntelligenceView.swift */ = {isa = PBXFileReference; lastKnownFileType = sourcecode.swift; path = IntelligenceView.swift; sourceTree = "<group>"; };
		27C4B8932F0ADCA400B07E9D /* TeamSupportView.swift */ = {isa = PBXFileReference; lastKnownFileType = sourcecode.swift; path = TeamSupportView.swift; sourceTree = "<group>"; };
		27C4B8942F0ADCA400B07E9D /* UtilityEffectivenessView.swift */ = {isa = PBXFileReference; lastKnownFileType = sourcecode.swift; path = UtilityEffectivenessView.swift; sourceTree = "<group>"; };
		27C4B8952F0ADCA400B07E9D /* VehicleSpecialistView.swift */ = {isa = PBXFileReference; lastKnownFileType = sourcecode.swift; path = VehicleSpecialistView.swift; sourceTree = "<group>"; };
		27C4B8962F0ADCA400B07E9D /* WeaponMasteryView.swift */ = {isa = PBXFileReference; lastKnownFileType = sourcecode.swift; path = WeaponMasteryView.swift; sourceTree = "<group>"; };
		27CPDOT02F460001004D2E1D /* ColorPickerDot.swift */ = {isa = PBXFileReference; lastKnownFileType = sourcecode.swift; path = ColorPickerDot.swift; sourceTree = "<group>"; };
		27D09C352F37E04C004572A8 /* SquadService.swift */ = {isa = PBXFileReference; lastKnownFileType = sourcecode.swift; path = SquadService.swift; sourceTree = "<group>"; };
		27D09C372F37E095004572A8 /* SquadComparisonView.swift */ = {isa = PBXFileReference; lastKnownFileType = sourcecode.swift; path = SquadComparisonView.swift; sourceTree = "<group>"; };
		27E228D52F48857C005F4F4D /* PlayerStats.swift */ = {isa = PBXFileReference; lastKnownFileType = sourcecode.swift; path = PlayerStats.swift; sourceTree = "<group>"; };
		27E228D72F48859A005F4F4D /* LastMatchStats.swift */ = {isa = PBXFileReference; lastKnownFileType = sourcecode.swift; path = LastMatchStats.swift; sourceTree = "<group>"; };
		27E228D92F4885CE005F4F4D /* DetailedStats.swift */ = {isa = PBXFileReference; lastKnownFileType = sourcecode.swift; path = DetailedStats.swift; sourceTree = "<group>"; };
		27E228DB2F488624005F4F4D /* Enums.swift */ = {isa = PBXFileReference; lastKnownFileType = sourcecode.swift; path = Enums.swift; sourceTree = "<group>"; };
		27E228DD2F48863F005F4F4D /* SquadComparison.swift */ = {isa = PBXFileReference; lastKnownFileType = sourcecode.swift; path = SquadComparison.swift; sourceTree = "<group>"; };
		27E228DF2F488652005F4F4D /* ProfileData.swift */ = {isa = PBXFileReference; lastKnownFileType = sourcecode.swift; path = ProfileData.swift; sourceTree = "<group>"; };
		27E228E12F48866E005F4F4D /* Progression.swift */ = {isa = PBXFileReference; lastKnownFileType = sourcecode.swift; path = Progression.swift; sourceTree = "<group>"; };
		27E228E32F488693005F4F4D /* AppSettings.swift */ = {isa = PBXFileReference; lastKnownFileType = sourcecode.swift; path = AppSettings.swift; sourceTree = "<group>"; };
		27E228E52F4886A3005F4F4D /* ErrorTypes.swift */ = {isa = PBXFileReference; lastKnownFileType = sourcecode.swift; path = ErrorTypes.swift; sourceTree = "<group>"; };
		27E228E82F488A9F005F4F4D /* HeaderSection.swift */ = {isa = PBXFileReference; lastKnownFileType = sourcecode.swift; path = HeaderSection.swift; sourceTree = "<group>"; };
		27E228EA2F488AC7005F4F4D /* NavigationComponents.swift */ = {isa = PBXFileReference; lastKnownFileType = sourcecode.swift; path = NavigationComponents.swift; sourceTree = "<group>"; };
		27E228EC2F488AF0005F4F4D /* StateViews.swift */ = {isa = PBXFileReference; lastKnownFileType = sourcecode.swift; path = StateViews.swift; sourceTree = "<group>"; };
		27E228EE2F488B15005F4F4D /* ContentViewComponents.swift */ = {isa = PBXFileReference; lastKnownFileType = sourcecode.swift; path = ContentViewComponents.swift; sourceTree = "<group>"; };
		27E228F02F488B2B005F4F4D /* LiquidGlassModifiers.swift */ = {isa = PBXFileReference; lastKnownFileType = sourcecode.swift; path = LiquidGlassModifiers.swift; sourceTree = "<group>"; };
		27E228F22F488B3F005F4F4D /* AnimationComponents.swift */ = {isa = PBXFileReference; lastKnownFileType = sourcecode.swift; path = AnimationComponents.swift; sourceTree = "<group>"; };
		27E228F42F488B4F005F4F4D /* ContentViewHelpers.swift */ = {isa = PBXFileReference; lastKnownFileType = sourcecode.swift; path = ContentViewHelpers.swift; sourceTree = "<group>"; };
		27E543782EE98DF300B01618 /* ServerModels.swift */ = {isa = PBXFileReference; lastKnownFileType = sourcecode.swift; path = ServerModels.swift; sourceTree = "<group>"; };
		27E543792EE98DF300B01618 /* StatsSnapshot.swift */ = {isa = PBXFileReference; lastKnownFileType = sourcecode.swift; path = StatsSnapshot.swift; sourceTree = "<group>"; };
		27E5437C2EE98E0800B01618 /* HistoryManager.swift */ = {isa = PBXFileReference; lastKnownFileType = sourcecode.swift; path = HistoryManager.swift; sourceTree = "<group>"; };
		27E5437E2EE98E2C00B01618 /* MapStatsView.swift */ = {isa = PBXFileReference; lastKnownFileType = sourcecode.swift; path = MapStatsView.swift; sourceTree = "<group>"; };
		27E543802EE98E4100B01618 /* LoadoutAnalyzerView.swift */ = {isa = PBXFileReference; lastKnownFileType = sourcecode.swift; path = LoadoutAnalyzerView.swift; sourceTree = "<group>"; };
		27E543822EE98F1D00B01618 /* SessionHistoryView.swift */ = {isa = PBXFileReference; lastKnownFileType = sourcecode.swift; path = SessionHistoryView.swift; sourceTree = "<group>"; };
		27E543842EE98F2D00B01618 /* PerformanceChartsView.swift */ = {isa = PBXFileReference; lastKnownFileType = sourcecode.swift; path = PerformanceChartsView.swift; sourceTree = "<group>"; };
		27E543862EE98F4000B01618 /* ServerBrowserView.swift */ = {isa = PBXFileReference; lastKnownFileType = sourcecode.swift; path = ServerBrowserView.swift; sourceTree = "<group>"; };
		27E798062EE645F80002311A /* EAIdentityManager.swift */ = {isa = PBXFileReference; lastKnownFileType = sourcecode.swift; path = EAIdentityManager.swift; sourceTree = "<group>"; };
		27E798082EE646350002311A /* EALoginView.swift */ = {isa = PBXFileReference; lastKnownFileType = sourcecode.swift; path = EALoginView.swift; sourceTree = "<group>"; };
/* End PBXFileReference section */

/* Begin PBXFileSystemSynchronizedRootGroup section */
		2749FA752F0997CC004D2E1D /* Images */ = {isa = PBXFileSystemSynchronizedRootGroup; explicitFileTypes = {}; explicitFolders = (); path = Images; sourceTree = "<group>"; };
/* End PBXFileSystemSynchronizedRootGroup section */

/* Begin PBXFrameworksBuildPhase section */
		2000000000000001 /* Frameworks */ = {
			isa = PBXFrameworksBuildPhase;
			buildActionMask = 2147483647;
			files = (
				27B060502F28D9C700D4AEC1 /* Transformers in Frameworks */,
				27B060472F28D8FA00D4AEC1 /* MLXLLM in Frameworks */,
				27B060492F28D8FA00D4AEC1 /* MLXLMCommon in Frameworks */,
				27B0604C2F28D9C700D4AEC1 /* Hub in Frameworks */,
				27B060582F28DAC500D4AEC1 /* MLXLMCommon in Frameworks */,
				27B060562F28DAC500D4AEC1 /* MLXLLM in Frameworks */,
				27B0605F2F28DAD000D4AEC1 /* Transformers in Frameworks */,
				27B0605B2F28DAD000D4AEC1 /* Hub in Frameworks */,
				27B0605D2F28DAD000D4AEC1 /* Tokenizers in Frameworks */,
				27B060442F28D8D600D4AEC1 /* MLX in Frameworks */,
				27B0604E2F28D9C700D4AEC1 /* Tokenizers in Frameworks */,
				27B060532F28DAA600D4AEC1 /* MLX in Frameworks */,
			);
			runOnlyForDeploymentPostprocessing = 0;
		};
/* End PBXFrameworksBuildPhase section */

/* Begin PBXGroup section */
		2749FA122F045D97004D2E1D /* Components */ = {
			isa = PBXGroup;
			children = (
				27CPDOT02F460001004D2E1D /* ColorPickerDot.swift */,
				276C746A2F0D94F4002674A4 /* ProgressionBadge.swift */,
				2749FA1B2F05DD5C004D2E1D /* UnifiedStatCard.swift */,
				2749FA192F05DD55004D2E1D /* SearchableListView.swift */,
				2749FA0E2F045D97004D2E1D /* MiniSparklineView.swift */,
				2749FA0F2F045D97004D2E1D /* PerformanceBadgeView.swift */,
				2749FA102F045D97004D2E1D /* PerformanceComparisonCard.swift */,
				2749FA182F045E00004D2E1D /* PerformanceDualComparisonCard.swift */,
				2749FA1A2F045E10004D2E1D /* PerformanceDualComparisonCardDouble.swift */,
				2749FA1B2F045E20004D2E1D /* EnhancedClassCard.swift */,
				2749FA112F045D97004D2E1D /* ProgressBarView.swift */,
			);
			path = Components;
			sourceTree = "<group>";
		};
		2749FA792F0A26EF004D2E1D /* Scripts */ = {
			isa = PBXGroup;
			children = (
				2749FA772F0A26EF004D2E1D /* increment_build.sh */,
			);
			path = Scripts;
			sourceTree = "<group>";
		};
		27B6F3F32F14838D007E5393 /* Recovered References */ = {
			isa = PBXGroup;
			children = (
			);
			name = "Recovered References";
			sourceTree = "<group>";
		};
		27E228E72F488A6D005F4F4D /* ContentViewComponents */ = {
			isa = PBXGroup;
			children = (
				27E228E82F488A9F005F4F4D /* HeaderSection.swift */,
				27E228EA2F488AC7005F4F4D /* NavigationComponents.swift */,
				27E228EC2F488AF0005F4F4D /* StateViews.swift */,
				27E228EE2F488B15005F4F4D /* ContentViewComponents.swift */,
				27E228F02F488B2B005F4F4D /* LiquidGlassModifiers.swift */,
				27E228F22F488B3F005F4F4D /* AnimationComponents.swift */,
				27E228F42F488B4F005F4F4D /* ContentViewHelpers.swift */,
			);
			path = ContentViewComponents;
			sourceTree = "<group>";
		};
		3000000000000001 = {
			isa = PBXGroup;
			children = (
				2749FA792F0A26EF004D2E1D /* Scripts */,
				2749FA752F0997CC004D2E1D /* Images */,
				3000000000000002 /* BF6StatsTracker */,
				3000000000000003 /* Products */,
				27B6F3F32F14838D007E5393 /* Recovered References */,
			);
			sourceTree = "<group>";
		};
		3000000000000002 /* BF6StatsTracker */ = {
			isa = PBXGroup;
			children = (
				1000000000000001 /* BF6StatsTrackerApp.swift */,
				3000000000000004 /* Models */,
				3000000000000005 /* Services */,
				3000000000000006 /* Views */,
				3000000000000007 /* ViewModels */,
				3000000000000008 /* Utilities */,
				1000000000000003 /* Assets.xcassets */,
				1000000000000019 /* BF6StatsTracker.entitlements */,
				1000000000000020 /* Info.plist */,
			);
			path = BF6StatsTracker;
			sourceTree = "<group>";
		};
		3000000000000003 /* Products */ = {
			isa = PBXGroup;
			children = (
				1000000000000000 /* BF6StatsTracker.app */,
			);
			name = Products;
			sourceTree = "<group>";
		};
		3000000000000004 /* Models */ = {
			isa = PBXGroup;
			children = (
				27AIC0002F4EABC100000001 /* AICoachAnalysis.swift */,
				2719F33D2EF881AA00C42191 /* DailyPerformance.swift */,
				274F854F2F141A87000B1B90 /* LogEntry.swift */,
				27E543782EE98DF300B01618 /* ServerModels.swift */,
				27E543792EE98DF300B01618 /* StatsSnapshot.swift */,
				274291A92EDD12C4000D2B69 /* StatsViewModel+Logout.swift */,
				2747A79B2F037B7C001CF709 /* StoredEAAccount.swift */,
				27E228D52F48857C005F4F4D /* PlayerStats.swift */,
				27E228D72F48859A005F4F4D /* LastMatchStats.swift */,
				27E228D92F4885CE005F4F4D /* DetailedStats.swift */,
				27E228DB2F488624005F4F4D /* Enums.swift */,
				27E228DD2F48863F005F4F4D /* SquadComparison.swift */,
				27E228DF2F488652005F4F4D /* ProfileData.swift */,
				27E228E12F48866E005F4F4D /* Progression.swift */,
				27E228E32F488693005F4F4D /* AppSettings.swift */,
				27E228E52F4886A3005F4F4D /* ErrorTypes.swift */,
			);
			path = Models;
			sourceTree = "<group>";
		};
		3000000000000005 /* Services */ = {
			isa = PBXGroup;
			children = (
				1000000000000005 /* APIService.swift */,
				1000000000000006 /* CacheManager.swift */,
				2747A79D2F037BA5001CF709 /* EAAccountStore.swift */,
				27E798062EE645F80002311A /* EAIdentityManager.swift */,
				27E5437C2EE98E0800B01618 /* HistoryManager.swift */,
				1000000000000016 /* ImageLoader.swift */,
				271CA0FF2F26DCF30037D232 /* LocalAIService.swift */,
				274F85512F141A9B000B1B90 /* LoggerService.swift */,
				27C267BB2EEF35AF006168AA /* MapTracker.swift */,
				27B6F3F42F1483BC007E5393 /* SoundNotificationService.swift */,
				27D09C352F37E04C004572A8 /* SquadService.swift */,
				27368F402F45E384005DCF95 /* iCloudBackupService.swift */,
			);
			path = Services;
			sourceTree = "<group>";
		};
		3000000000000006 /* Views */ = {
			isa = PBXGroup;
			children = (
				2749FA1D2F080A96004D2E1D /* AboutView.swift */,
				2747A79F2F037BB8001CF709 /* AccountSelectionView.swift */,
				271CA0FD2F26DCD00037D232 /* AICoachView.swift */,
				1000000000000007 /* ClassTileView.swift */,
				2749FA122F045D97004D2E1D /* Components */,
				1000000000000002 /* ContentView.swift */,
				27E228E72F488A6D005F4F4D /* ContentViewComponents */,
				2719F33B2EF8819400C42191 /* DailyPerformanceView.swift */,
				1000000000000015 /* DraggableTileContainer.swift */,
				27E798082EE646350002311A /* EALoginView.swift */,
				1000000000000009 /* GadgetStatsView.swift */,
				27C4B8922F0ADCA400B07E9D /* IntelligenceView.swift */,
				1000000000000022 /* LastCompletedMatchView.swift */,
				1000000000000021 /* LastMatchStatsView.swift */,
				27E543802EE98E4100B01618 /* LoadoutAnalyzerView.swift */,
				274F85552F141AF0000B1B90 /* LogViewerView.swift */,
				276C74702F0EDC88002674A4 /* MapsPlayedCard.swift */,
				27E5437E2EE98E2C00B01618 /* MapStatsView.swift */,
				1000000000000011 /* MenuBarView.swift */,
				276C746C2F0D9502002674A4 /* ModeEfficiencyView.swift */,
				1000000000000018 /* OverviewStatsView.swift */,
				27E543842EE98F2D00B01618 /* PerformanceChartsView.swift */,
				1000000000000017 /* PlayerSearchView.swift */,
				27E543862EE98F4000B01618 /* ServerBrowserView.swift */,
				27E543822EE98F1D00B01618 /* SessionHistoryView.swift */,
				1000000000000012 /* SettingsView.swift */,
				27D09C372F37E095004572A8 /* SquadComparisonView.swift */,
				27C4B8932F0ADCA400B07E9D /* TeamSupportView.swift */,
				2749FA172F045DB0004D2E1D /* TodayVsYesterdayView.swift */,
				27C4B8942F0ADCA400B07E9D /* UtilityEffectivenessView.swift */,
				27C4B8952F0ADCA400B07E9D /* VehicleSpecialistView.swift */,
				1000000000000010 /* VehicleStatsView.swift */,
				27C4B8962F0ADCA400B07E9D /* WeaponMasteryView.swift */,
				1000000000000008 /* WeaponStatsView.swift */,
				275C316C2F4B5D96004000BC /* PlaystyleInsightsView.swift */,
			);
			path = Views;
			sourceTree = "<group>";
		};
		3000000000000007 /* ViewModels */ = {
			isa = PBXGroup;
			children = (
				274F85532F141AD4000B1B90 /* StatsViewModel.swift */,
				274F85572F141B32000B1B90 /* LogViewModel.swift */,
			);
			path = ViewModels;
			sourceTree = "<group>";
		};
		3000000000000008 /* Utilities */ = {
			isa = PBXGroup;
			children = (
				1000000000000014 /* Extensions.swift */,
			);
			path = Utilities;
			sourceTree = "<group>";
		};
/* End PBXGroup section */

/* Begin PBXNativeTarget section */
		4000000000000001 /* BF6StatsTracker */ = {
			isa = PBXNativeTarget;
			buildConfigurationList = 5000000000000003 /* Build configuration list for PBXNativeTarget "BF6StatsTracker" */;
			buildPhases = (
				4000000000000002 /* Sources */,
				2000000000000001 /* Frameworks */,
				4000000000000003 /* Resources */,
				2749FA762F0A2628004D2E1D /* ShellScript */,
			);
			buildRules = (
			);
			dependencies = (
			);
			name = BF6StatsTracker;
			productName = BF6StatsTracker;
			productReference = 1000000000000000 /* BF6StatsTracker.app */;
			productType = "com.apple.product-type.application";
		};
/* End PBXNativeTarget section */

/* Begin PBXProject section */
		6000000000000001 /* Project object */ = {
			isa = PBXProject;
			attributes = {
				BuildIndependentTargetsInParallel = 1;
				LastSwiftUpdateCheck = 1500;
				LastUpgradeCheck = 2620;
				TargetAttributes = {
					4000000000000001 = {
						CreatedOnToolsVersion = 15.0;
					};
				};
			};
			buildConfigurationList = 5000000000000001 /* Build configuration list for PBXProject "BF6StatsTracker" */;
			compatibilityVersion = "Xcode 14.0";
			developmentRegion = en;
			hasScannedForEncodings = 0;
			knownRegions = (
				en,
				Base,
			);
			mainGroup = 3000000000000001;
			packageReferences = (
				27B060512F28DAA600D4AEC1 /* XCRemoteSwiftPackageReference "mlx-swift" */,
				27B060542F28DAC500D4AEC1 /* XCRemoteSwiftPackageReference "mlx-swift-lm" */,
				27B060592F28DAD000D4AEC1 /* XCRemoteSwiftPackageReference "swift-transformers" */,
			);
			productRefGroup = 3000000000000003 /* Products */;
			projectDirPath = "";
			projectRoot = "";
			targets = (
				4000000000000001 /* BF6StatsTracker */,
			);
		};
/* End PBXProject section */

/* Begin PBXResourcesBuildPhase section */
		4000000000000003 /* Resources */ = {
			isa = PBXResourcesBuildPhase;
			buildActionMask = 2147483647;
			files = (
				0000000000000003 /* Assets.xcassets in Resources */,
			);
			runOnlyForDeploymentPostprocessing = 0;
		};
/* End PBXResourcesBuildPhase section */

/* Begin PBXShellScriptBuildPhase section */
		2749FA762F0A2628004D2E1D /* ShellScript */ = {
			isa = PBXShellScriptBuildPhase;
			alwaysOutOfDate = 1;
			buildActionMask = 2147483647;
			files = (
			);
			inputFileListPaths = (
			);
			inputPaths = (
			);
			outputFileListPaths = (
			);
			outputPaths = (
			);
			runOnlyForDeploymentPostprocessing = 0;
			shellPath = /bin/sh;
			shellScript = "#!/bin/bash\n\n# Auto-increment build number script for Xcode\n# This script increments CFBundleVersion in Info.plist as a 5-digit hexadecimal number\n# Uses sed instead of PlistBuddy to avoid sandbox issues\n\n# Only increment for actual builds, not for indexing or analysis\nif [ \"$ACTION\" != \"build\" ]; then\n    exit 0\nfi\n\n# Only increment for Release builds (optional - remove this if you want it for all builds)\n# if [ \"$CONFIGURATION\" != \"Release\" ]; then\n#     exit 0\n# fi\n\n# Find Info.plist in source\nif [ -n \"$INFOPLIST_FILE\" ] && [ -f \"${PROJECT_DIR}/${INFOPLIST_FILE}\" ]; then\n    SOURCE_PLIST=\"${PROJECT_DIR}/${INFOPLIST_FILE}\"\nelif [ -f \"${PROJECT_DIR}/${TARGET_NAME}/Info.plist\" ]; then\n    SOURCE_PLIST=\"${PROJECT_DIR}/${TARGET_NAME}/Info.plist\"\nelif [ -f \"${PROJECT_DIR}/BF6StatsTracker/Info.plist\" ]; then\n    SOURCE_PLIST=\"${PROJECT_DIR}/BF6StatsTracker/Info.plist\"\nelse\n    echo \"❌ Error: Could not find Info.plist\"\n    exit 1\nfi\n\necho \"📝 Updating source Info.plist at: $SOURCE_PLIST\"\n\n# Also update the built product's Info.plist if it exists\n# Try multiple possible locations for the built Info.plist\nif [ -n \"$INFOPLIST_PATH\" ]; then\n    BUILT_PLIST=\"${BUILT_PRODUCTS_DIR}/${INFOPLIST_PATH}\"\nelse\n    # Fallback to common location\n    BUILT_PLIST=\"${BUILT_PRODUCTS_DIR}/${PRODUCT_NAME}.app/Contents/Info.plist\"\nfi\n\n# Get current build number using grep and sed\nBUILD_NUMBER=$(grep -A 1 \"CFBundleVersion\" \"$SOURCE_PLIST\" | grep \"<string>\" | sed 's/.*<string>\\(.*\\)<\\/string>.*/\\1/' | tr -d '[:space:]')\n\nif [ -z \"$BUILD_NUMBER\" ]; then\n    echo \"⚠️  No build number found, setting to 00001\"\n    BUILD_NUMBER=\"00000\"\nfi\n\n# Convert hex to decimal, increment, convert back to hex\nif [[ \"$BUILD_NUMBER\" =~ ^[0-9A-Fa-f]+$ ]]; then\n    # Valid hex number\n    DECIMAL_BUILD=$((16#$BUILD_NUMBER))\nelse\n    # Not a valid hex, start at 0\n    echo \"⚠️  Invalid hex number '$BUILD_NUMBER', starting from 0\"\n    DECIMAL_BUILD=0\nfi\n\n# Increment\nNEW_DECIMAL_BUILD=$((DECIMAL_BUILD + 1))\n\n# Convert to 5-digit uppercase hex (pad with zeros)\nNEW_BUILD_NUMBER=$(printf \"%05X\" $NEW_DECIMAL_BUILD)\n\n# Update the source Info.plist\nsed -i '' \"/<key>CFBundleVersion<\\/key>/,/<string>/ s/<string>.*<\\/string>/<string>$NEW_BUILD_NUMBER<\\/string>/\" \"$SOURCE_PLIST\"\n\nif [ $? -eq 0 ]; then\n    echo \"✅ Build number incremented in source: $BUILD_NUMBER → $NEW_BUILD_NUMBER\"\nelse\n    echo \"❌ Error: Failed to update source build number\"\n    exit 1\nfi\n\n# Also update the built product's Info.plist if it exists (for immediate reflection)\necho \"📋 Checking built product at: $BUILT_PLIST\"\nif [ -f \"$BUILT_PLIST\" ]; then\n    sed -i '' \"/<key>CFBundleVersion<\\/key>/,/<string>/ s/<string>.*<\\/string>/<string>$NEW_BUILD_NUMBER<\\/string>/\" \"$BUILT_PLIST\"\n    if [ $? -eq 0 ]; then\n        echo \"✅ Build number also updated in built product: $BUILT_PLIST\"\n    else\n        echo \"⚠️  Failed to update built product\"\n    fi\nelse\n    echo \"⚠️  Built product Info.plist not found at: $BUILT_PLIST\"\n    echo \"   This is normal if running before 'Copy Bundle Resources' phase\"\nfi\n";
		};
/* End PBXShellScriptBuildPhase section */

/* Begin PBXSourcesBuildPhase section */
		4000000000000002 /* Sources */ = {
			isa = PBXSourcesBuildPhase;
			buildActionMask = 2147483647;
			files = (
				27E228E92F488A9F005F4F4D /* HeaderSection.swift in Sources */,
				27CPDOT12F460001004D2E1D /* ColorPickerDot.swift in Sources */,
				27E228E02F488652005F4F4D /* ProfileData.swift in Sources */,
				274291AA2EDD12C4000D2B69 /* StatsViewModel+Logout.swift in Sources */,
				274F85562F141AF0000B1B90 /* LogViewerView.swift in Sources */,
				2747A79E2F037BA5001CF709 /* EAAccountStore.swift in Sources */,
				2749FA132F045D97004D2E1D /* PerformanceBadgeView.swift in Sources */,
				27368F412F45E384005DCF95 /* iCloudBackupService.swift in Sources */,
				2749FA142F045D97004D2E1D /* ProgressBarView.swift in Sources */,
				2749FA1A2F05DD55004D2E1D /* SearchableListView.swift in Sources */,
				27E228D82F48859A005F4F4D /* LastMatchStats.swift in Sources */,
				274F85522F141A9B000B1B90 /* LoggerService.swift in Sources */,
				2749FA152F045D97004D2E1D /* PerformanceComparisonCard.swift in Sources */,
				2749FA192F045E00004D2E1D /* PerformanceDualComparisonCard.swift in Sources */,
				2749FA1B2F045E10004D2E1D /* PerformanceDualComparisonCardDouble.swift in Sources */,
				2749FA1C2F045E20004D2E1D /* EnhancedClassCard.swift in Sources */,
				27E228E22F48866E005F4F4D /* Progression.swift in Sources */,
				2749FA162F045D97004D2E1D /* MiniSparklineView.swift in Sources */,
				0000000000000001 /* BF6StatsTrackerApp.swift in Sources */,
				0000000000000002 /* ContentView.swift in Sources */,
				27C267BC2EEF35AF006168AA /* MapTracker.swift in Sources */,
				27E5437F2EE98E2C00B01618 /* MapStatsView.swift in Sources */,
				0000000000000005 /* APIService.swift in Sources */,
				27E228E42F488693005F4F4D /* AppSettings.swift in Sources */,
				0000000000000006 /* CacheManager.swift in Sources */,
				27C4B8972F0ADCA400B07E9D /* VehicleSpecialistView.swift in Sources */,
				27E228DA2F4885CE005F4F4D /* DetailedStats.swift in Sources */,
				27C4B8982F0ADCA400B07E9D /* IntelligenceView.swift in Sources */,
				27D09C382F37E095004572A8 /* SquadComparisonView.swift in Sources */,
				27C4B8992F0ADCA400B07E9D /* TeamSupportView.swift in Sources */,
				276C74712F0EDC88002674A4 /* MapsPlayedCard.swift in Sources */,
				276C746B2F0D94F4002674A4 /* ProgressionBadge.swift in Sources */,
				27C4B89A2F0ADCA400B07E9D /* UtilityEffectivenessView.swift in Sources */,
				27B6F3F52F1483BC007E5393 /* SoundNotificationService.swift in Sources */,
				274F85542F141AD4000B1B90 /* StatsViewModel.swift in Sources */,
				27C4B89B2F0ADCA400B07E9D /* WeaponMasteryView.swift in Sources */,
				2747A7A02F037BB8001CF709 /* AccountSelectionView.swift in Sources */,
				0000000000000007 /* ClassTileView.swift in Sources */,
				0000000000000008 /* WeaponStatsView.swift in Sources */,
				271CA1002F26DCF30037D232 /* LocalAIService.swift in Sources */,
				0000000000000009 /* GadgetStatsView.swift in Sources */,
				0000000000000010 /* VehicleStatsView.swift in Sources */,
				27E543812EE98E4100B01618 /* LoadoutAnalyzerView.swift in Sources */,
				0000000000000011 /* MenuBarView.swift in Sources */,
				0000000000000012 /* SettingsView.swift in Sources */,
				27E5437D2EE98E0800B01618 /* HistoryManager.swift in Sources */,
				27E543852EE98F2D00B01618 /* PerformanceChartsView.swift in Sources */,
				2719F33C2EF8819400C42191 /* DailyPerformanceView.swift in Sources */,
				27E228F32F488B3F005F4F4D /* AnimationComponents.swift in Sources */,
				276C746F2F0D9502002674A4 /* ModeEfficiencyView.swift in Sources */,
				27E228DC2F488624005F4F4D /* Enums.swift in Sources */,
				27E5437A2EE98DF300B01618 /* StatsSnapshot.swift in Sources */,
				27E228F52F488B4F005F4F4D /* ContentViewHelpers.swift in Sources */,
				274F85592F141B32000B1B90 /* LogViewModel.swift in Sources */,
				27E5437B2EE98DF300B01618 /* ServerModels.swift in Sources */,
				27E798092EE646350002311A /* EALoginView.swift in Sources */,
				27E228D62F48857C005F4F4D /* PlayerStats.swift in Sources */,
				274F85502F141A87000B1B90 /* LogEntry.swift in Sources */,
				27E228ED2F488AF0005F4F4D /* StateViews.swift in Sources */,
				27E228F12F488B2B005F4F4D /* LiquidGlassModifiers.swift in Sources */,
				2749FA182F045DB0004D2E1D /* TodayVsYesterdayView.swift in Sources */,
				27AIC0012F4EABC100000001 /* AICoachAnalysis.swift in Sources */,
				2719F33E2EF881AA00C42191 /* DailyPerformance.swift in Sources */,
				0000000000000014 /* Extensions.swift in Sources */,
				27E228DE2F48863F005F4F4D /* SquadComparison.swift in Sources */,
				2749FA1C2F05DD5C004D2E1D /* UnifiedStatCard.swift in Sources */,
				27E228E62F4886A3005F4F4D /* ErrorTypes.swift in Sources */,
				27E228EB2F488AC7005F4F4D /* NavigationComponents.swift in Sources */,
				0000000000000015 /* DraggableTileContainer.swift in Sources */,
				27D09C362F37E04C004572A8 /* SquadService.swift in Sources */,
				0000000000000016 /* ImageLoader.swift in Sources */,
				0000000000000017 /* PlayerSearchView.swift in Sources */,
				27E798072EE645F80002311A /* EAIdentityManager.swift in Sources */,
				2749FA1E2F080A96004D2E1D /* AboutView.swift in Sources */,
				2747A79C2F037B7C001CF709 /* StoredEAAccount.swift in Sources */,
				0000000000000018 /* OverviewStatsView.swift in Sources */,
				275C316D2F4B5D96004000BC /* PlaystyleInsightsView.swift in Sources */,
				271CA0FE2F26DCD00037D232 /* AICoachView.swift in Sources */,
				27E543872EE98F4000B01618 /* ServerBrowserView.swift in Sources */,
				0000000000000019 /* LastMatchStatsView.swift in Sources */,
				0000000000000020 /* LastCompletedMatchView.swift in Sources */,
				27E543832EE98F1D00B01618 /* SessionHistoryView.swift in Sources */,
				27E228EF2F488B15005F4F4D /* ContentViewComponents.swift in Sources */,
			);
			runOnlyForDeploymentPostprocessing = 0;
		};
/* End PBXSourcesBuildPhase section */

/* Begin XCBuildConfiguration section */
		7000000000000001 /* Debug */ = {
			isa = XCBuildConfiguration;
			buildSettings = {
				ALWAYS_SEARCH_USER_PATHS = NO;
				ASSETCATALOG_COMPILER_GENERATE_SWIFT_ASSET_SYMBOL_EXTENSIONS = YES;
				CLANG_ANALYZER_NONNULL = YES;
				CLANG_ANALYZER_NUMBER_OBJECT_CONVERSION = YES_AGGRESSIVE;
				CLANG_CXX_LANGUAGE_STANDARD = "gnu++23";
				CLANG_ENABLE_MODULES = YES;
				CLANG_ENABLE_OBJC_ARC = YES;
				CLANG_ENABLE_OBJC_WEAK = YES;
				CLANG_WARN_BLOCK_CAPTURE_AUTORELEASING = YES;
				CLANG_WARN_BOOL_CONVERSION = YES;
				CLANG_WARN_COMMA = YES;
				CLANG_WARN_CONSTANT_CONVERSION = YES;
				CLANG_WARN_DEPRECATED_OBJC_IMPLEMENTATIONS = YES;
				CLANG_WARN_DIRECT_OBJC_ISA_USAGE = YES_ERROR;
				CLANG_WARN_DOCUMENTATION_COMMENTS = YES;
				CLANG_WARN_EMPTY_BODY = YES;
				CLANG_WARN_ENUM_CONVERSION = YES;
				CLANG_WARN_INFINITE_RECURSION = YES;
				CLANG_WARN_INT_CONVERSION = YES;
				CLANG_WARN_NON_LITERAL_NULL_CONVERSION = YES;
				CLANG_WARN_OBJC_IMPLICIT_RETAIN_SELF = YES;
				CLANG_WARN_OBJC_LITERAL_CONVERSION = YES;
				CLANG_WARN_OBJC_ROOT_CLASS = YES_ERROR;
				CLANG_WARN_QUOTED_INCLUDE_IN_FRAMEWORK_HEADER = YES;
				CLANG_WARN_RANGE_LOOP_ANALYSIS = YES;
				CLANG_WARN_STRICT_PROTOTYPES = YES;
				CLANG_WARN_SUSPICIOUS_MOVE = YES;
				CLANG_WARN_UNGUARDED_AVAILABILITY = YES_AGGRESSIVE;
				CLANG_WARN_UNREACHABLE_CODE = YES;
				CLANG_WARN__DUPLICATE_METHOD_MATCH = YES;
				COPY_PHASE_STRIP = NO;
				DEAD_CODE_STRIPPING = YES;
				DEBUG_INFORMATION_FORMAT = dwarf;
				DEVELOPMENT_TEAM = 3ETXMLGRJN;
				ENABLE_STRICT_OBJC_MSGSEND = YES;
				ENABLE_TESTABILITY = YES;
				ENABLE_USER_SCRIPT_SANDBOXING = YES;
				GCC_C_LANGUAGE_STANDARD = gnu17;
				GCC_DYNAMIC_NO_PIC = NO;
				GCC_NO_COMMON_BLOCKS = YES;
				GCC_OPTIMIZATION_LEVEL = 0;
				GCC_PREPROCESSOR_DEFINITIONS = (
					"DEBUG=1",
					"$(inherited)",
				);
				GCC_WARN_64_TO_32_BIT_CONVERSION = YES;
				GCC_WARN_ABOUT_RETURN_TYPE = YES_ERROR;
				GCC_WARN_UNDECLARED_SELECTOR = YES;
				GCC_WARN_UNINITIALIZED_AUTOS = YES_AGGRESSIVE;
				GCC_WARN_UNUSED_FUNCTION = YES;
				GCC_WARN_UNUSED_VARIABLE = YES;
				LOCALIZATION_PREFERS_STRING_CATALOGS = YES;
				MACOSX_DEPLOYMENT_TARGET = 14.0;
				MTL_ENABLE_DEBUG_INFO = INCLUDE_SOURCE;
				MTL_FAST_MATH = YES;
				ONLY_ACTIVE_ARCH = YES;
				SDKROOT = macosx;
				STRING_CATALOG_GENERATE_SYMBOLS = YES;
				SWIFT_ACTIVE_COMPILATION_CONDITIONS = "DEBUG $(inherited)";
				SWIFT_OPTIMIZATION_LEVEL = "-Onone";
			};
			name = Debug;
		};
		7000000000000002 /* Release */ = {
			isa = XCBuildConfiguration;
			buildSettings = {
				ALWAYS_SEARCH_USER_PATHS = NO;
				ASSETCATALOG_COMPILER_GENERATE_SWIFT_ASSET_SYMBOL_EXTENSIONS = YES;
				CLANG_ANALYZER_NONNULL = YES;
				CLANG_ANALYZER_NUMBER_OBJECT_CONVERSION = YES_AGGRESSIVE;
				CLANG_CXX_LANGUAGE_STANDARD = "gnu++23";
				CLANG_ENABLE_MODULES = YES;
				CLANG_ENABLE_OBJC_ARC = YES;
				CLANG_ENABLE_OBJC_WEAK = YES;
				CLANG_WARN_BLOCK_CAPTURE_AUTORELEASING = YES;
				CLANG_WARN_BOOL_CONVERSION = YES;
				CLANG_WARN_COMMA = YES;
				CLANG_WARN_CONSTANT_CONVERSION = YES;
				CLANG_WARN_DEPRECATED_OBJC_IMPLEMENTATIONS = YES;
				CLANG_WARN_DIRECT_OBJC_ISA_USAGE = YES_ERROR;
				CLANG_WARN_DOCUMENTATION_COMMENTS = YES;
				CLANG_WARN_EMPTY_BODY = YES;
				CLANG_WARN_ENUM_CONVERSION = YES;
				CLANG_WARN_INFINITE_RECURSION = YES;
				CLANG_WARN_INT_CONVERSION = YES;
				CLANG_WARN_NON_LITERAL_NULL_CONVERSION = YES;
				CLANG_WARN_OBJC_IMPLICIT_RETAIN_SELF = YES;
				CLANG_WARN_OBJC_LITERAL_CONVERSION = YES;
				CLANG_WARN_OBJC_ROOT_CLASS = YES_ERROR;
				CLANG_WARN_QUOTED_INCLUDE_IN_FRAMEWORK_HEADER = YES;
				CLANG_WARN_RANGE_LOOP_ANALYSIS = YES;
				CLANG_WARN_STRICT_PROTOTYPES = YES;
				CLANG_WARN_SUSPICIOUS_MOVE = YES;
				CLANG_WARN_UNGUARDED_AVAILABILITY = YES_AGGRESSIVE;
				CLANG_WARN_UNREACHABLE_CODE = YES;
				CLANG_WARN__DUPLICATE_METHOD_MATCH = YES;
				COPY_PHASE_STRIP = NO;
				DEAD_CODE_STRIPPING = YES;
				DEBUG_INFORMATION_FORMAT = "dwarf-with-dsym";
				DEVELOPMENT_TEAM = 3ETXMLGRJN;
				ENABLE_NS_ASSERTIONS = NO;
				ENABLE_STRICT_OBJC_MSGSEND = YES;
				ENABLE_USER_SCRIPT_SANDBOXING = YES;
				GCC_C_LANGUAGE_STANDARD = gnu17;
				GCC_NO_COMMON_BLOCKS = YES;
				GCC_WARN_64_TO_32_BIT_CONVERSION = YES;
				GCC_WARN_ABOUT_RETURN_TYPE = YES_ERROR;
				GCC_WARN_UNDECLARED_SELECTOR = YES;
				GCC_WARN_UNINITIALIZED_AUTOS = YES_AGGRESSIVE;
				GCC_WARN_UNUSED_FUNCTION = YES;
				GCC_WARN_UNUSED_VARIABLE = YES;
				LOCALIZATION_PREFERS_STRING_CATALOGS = YES;
				MACOSX_DEPLOYMENT_TARGET = 14.0;
				MTL_ENABLE_DEBUG_INFO = NO;
				MTL_FAST_MATH = YES;
				SDKROOT = macosx;
				STRING_CATALOG_GENERATE_SYMBOLS = YES;
				SWIFT_COMPILATION_MODE = wholemodule;
			};
			name = Release;
		};
		7000000000000003 /* Debug */ = {
			isa = XCBuildConfiguration;
			buildSettings = {
				ASSETCATALOG_COMPILER_APPICON_NAME = AppIcon;
				ASSETCATALOG_COMPILER_GLOBAL_ACCENT_COLOR_NAME = AccentColor;
				CODE_SIGN_ENTITLEMENTS = BF6StatsTracker/BF6StatsTracker.entitlements;
				CODE_SIGN_STYLE = Automatic;
				COMBINE_HIDPI_IMAGES = YES;
				CURRENT_PROJECT_VERSION = 1;
				DEAD_CODE_STRIPPING = YES;
				ENABLE_APP_SANDBOX = YES;
				ENABLE_HARDENED_RUNTIME = YES;
				ENABLE_OUTGOING_NETWORK_CONNECTIONS = YES;
				ENABLE_USER_SCRIPT_SANDBOXING = NO;
				ENABLE_USER_SELECTED_FILES = readwrite;
				GENERATE_INFOPLIST_FILE = YES;
				INFOPLIST_FILE = BF6StatsTracker/Info.plist;
				INFOPLIST_KEY_CFBundleDisplayName = "BF6 Stats Tracker";
				INFOPLIST_KEY_LSApplicationCategoryType = "public.app-category.utilities";
				INFOPLIST_KEY_LSUIElement = NO;
				INFOPLIST_KEY_NSHumanReadableCopyright = "Copyright © 2024 BF6 Stats Tracker. All rights reserved.";
				INFOPLIST_KEY_NSMainStoryboardFile = "";
				INFOPLIST_KEY_NSPrincipalClass = NSApplication;
				LD_RUNPATH_SEARCH_PATHS = (
					"$(inherited)",
					"@executable_path/../Frameworks",
				);
				MARKETING_VERSION = 1.0;
				PRODUCT_BUNDLE_IDENTIFIER = com.CitizenCoder.BF6StatsTracker;
				PRODUCT_NAME = "$(TARGET_NAME)";
				SWIFT_EMIT_LOC_STRINGS = YES;
				SWIFT_VERSION = 5.0;
			};
			name = Debug;
		};
		7000000000000004 /* Release */ = {
			isa = XCBuildConfiguration;
			buildSettings = {
				ASSETCATALOG_COMPILER_APPICON_NAME = AppIcon;
				ASSETCATALOG_COMPILER_GLOBAL_ACCENT_COLOR_NAME = AccentColor;
				CODE_SIGN_ENTITLEMENTS = BF6StatsTracker/BF6StatsTracker.entitlements;
				CODE_SIGN_STYLE = Automatic;
				COMBINE_HIDPI_IMAGES = YES;
				CURRENT_PROJECT_VERSION = 1;
				DEAD_CODE_STRIPPING = YES;
				ENABLE_APP_SANDBOX = YES;
				ENABLE_HARDENED_RUNTIME = YES;
				ENABLE_OUTGOING_NETWORK_CONNECTIONS = YES;
				ENABLE_USER_SCRIPT_SANDBOXING = NO;
				ENABLE_USER_SELECTED_FILES = readwrite;
				GENERATE_INFOPLIST_FILE = YES;
				INFOPLIST_FILE = BF6StatsTracker/Info.plist;
				INFOPLIST_KEY_CFBundleDisplayName = "BF6 Stats Tracker";
				INFOPLIST_KEY_LSApplicationCategoryType = "public.app-category.utilities";
				INFOPLIST_KEY_LSUIElement = NO;
				INFOPLIST_KEY_NSHumanReadableCopyright = "Copyright © 2024 BF6 Stats Tracker. All rights reserved.";
				INFOPLIST_KEY_NSMainStoryboardFile = "";
				INFOPLIST_KEY_NSPrincipalClass = NSApplication;
				LD_RUNPATH_SEARCH_PATHS = (
					"$(inherited)",
					"@executable_path/../Frameworks",
				);
				MARKETING_VERSION = 1.0;
				PRODUCT_BUNDLE_IDENTIFIER = com.CitizenCoder.BF6StatsTracker;
				PRODUCT_NAME = "$(TARGET_NAME)";
				SWIFT_EMIT_LOC_STRINGS = YES;
				SWIFT_VERSION = 5.0;
			};
			name = Release;
		};
/* End XCBuildConfiguration section */

/* Begin XCConfigurationList section */
		5000000000000001 /* Build configuration list for PBXProject "BF6StatsTracker" */ = {
			isa = XCConfigurationList;
			buildConfigurations = (
				7000000000000001 /* Debug */,
				7000000000000002 /* Release */,
			);
			defaultConfigurationIsVisible = 0;
			defaultConfigurationName = Release;
		};
		5000000000000003 /* Build configuration list for PBXNativeTarget "BF6StatsTracker" */ = {
			isa = XCConfigurationList;
			buildConfigurations = (
				7000000000000003 /* Debug */,
				7000000000000004 /* Release */,
			);
			defaultConfigurationIsVisible = 0;
			defaultConfigurationName = Release;
		};
/* End XCConfigurationList section */

/* Begin XCRemoteSwiftPackageReference section */
		27B060422F28D8D600D4AEC1 /* XCRemoteSwiftPackageReference "mlx-swift" */ = {
			isa = XCRemoteSwiftPackageReference;
			repositoryURL = "https://github.com/ml-explore/mlx-swift";
			requirement = {
				kind = upToNextMajorVersion;
				minimumVersion = 0.30.3;
			};
		};
		27B060452F28D8FA00D4AEC1 /* XCRemoteSwiftPackageReference "mlx-swift-lm" */ = {
			isa = XCRemoteSwiftPackageReference;
			repositoryURL = "https://github.com/ml-explore/mlx-swift-lm";
			requirement = {
				kind = upToNextMajorVersion;
				minimumVersion = 2.30.3;
			};
		};
		27B0604A2F28D9C700D4AEC1 /* XCRemoteSwiftPackageReference "swift-transformers" */ = {
			isa = XCRemoteSwiftPackageReference;
			repositoryURL = "https://github.com/huggingface/swift-transformers";
			requirement = {
				kind = upToNextMajorVersion;
				minimumVersion = 1.1.6;
			};
		};
		27B060512F28DAA600D4AEC1 /* XCRemoteSwiftPackageReference "mlx-swift" */ = {
			isa = XCRemoteSwiftPackageReference;
			repositoryURL = "https://github.com/ml-explore/mlx-swift";
			requirement = {
				kind = upToNextMajorVersion;
				minimumVersion = 0.30.3;
			};
		};
		27B060542F28DAC500D4AEC1 /* XCRemoteSwiftPackageReference "mlx-swift-lm" */ = {
			isa = XCRemoteSwiftPackageReference;
			repositoryURL = "https://github.com/ml-explore/mlx-swift-lm";
			requirement = {
				kind = upToNextMajorVersion;
				minimumVersion = 2.30.3;
			};
		};
		27B060592F28DAD000D4AEC1 /* XCRemoteSwiftPackageReference "swift-transformers" */ = {
			isa = XCRemoteSwiftPackageReference;
			repositoryURL = "https://github.com/huggingface/swift-transformers";
			requirement = {
				kind = upToNextMajorVersion;
				minimumVersion = 1.1.6;
			};
		};
/* End XCRemoteSwiftPackageReference section */

/* Begin XCSwiftPackageProductDependency section */
		27B060432F28D8D600D4AEC1 /* MLX */ = {
			isa = XCSwiftPackageProductDependency;
			package = 27B060422F28D8D600D4AEC1 /* XCRemoteSwiftPackageReference "mlx-swift" */;
			productName = MLX;
		};
		27B060462F28D8FA00D4AEC1 /* MLXLLM */ = {
			isa = XCSwiftPackageProductDependency;
			package = 27B060452F28D8FA00D4AEC1 /* XCRemoteSwiftPackageReference "mlx-swift-lm" */;
			productName = MLXLLM;
		};
		27B060482F28D8FA00D4AEC1 /* MLXLMCommon */ = {
			isa = XCSwiftPackageProductDependency;
			package = 27B060452F28D8FA00D4AEC1 /* XCRemoteSwiftPackageReference "mlx-swift-lm" */;
			productName = MLXLMCommon;
		};
		27B0604B2F28D9C700D4AEC1 /* Hub */ = {
			isa = XCSwiftPackageProductDependency;
			package = 27B0604A2F28D9C700D4AEC1 /* XCRemoteSwiftPackageReference "swift-transformers" */;
			productName = Hub;
		};
		27B0604D2F28D9C700D4AEC1 /* Tokenizers */ = {
			isa = XCSwiftPackageProductDependency;
			package = 27B0604A2F28D9C700D4AEC1 /* XCRemoteSwiftPackageReference "swift-transformers" */;
			productName = Tokenizers;
		};
		27B0604F2F28D9C700D4AEC1 /* Transformers */ = {
			isa = XCSwiftPackageProductDependency;
			package = 27B0604A2F28D9C700D4AEC1 /* XCRemoteSwiftPackageReference "swift-transformers" */;
			productName = Transformers;
		};
		27B060522F28DAA600D4AEC1 /* MLX */ = {
			isa = XCSwiftPackageProductDependency;
			package = 27B060512F28DAA600D4AEC1 /* XCRemoteSwiftPackageReference "mlx-swift" */;
			productName = MLX;
		};
		27B060552F28DAC500D4AEC1 /* MLXLLM */ = {
			isa = XCSwiftPackageProductDependency;
			package = 27B060542F28DAC500D4AEC1 /* XCRemoteSwiftPackageReference "mlx-swift-lm" */;
			productName = MLXLLM;
		};
		27B060572F28DAC500D4AEC1 /* MLXLMCommon */ = {
			isa = XCSwiftPackageProductDependency;
			package = 27B060542F28DAC500D4AEC1 /* XCRemoteSwiftPackageReference "mlx-swift-lm" */;
			productName = MLXLMCommon;
		};
		27B0605A2F28DAD000D4AEC1 /* Hub */ = {
			isa = XCSwiftPackageProductDependency;
			package = 27B060592F28DAD000D4AEC1 /* XCRemoteSwiftPackageReference "swift-transformers" */;
			productName = Hub;
		};
		27B0605C2F28DAD000D4AEC1 /* Tokenizers */ = {
			isa = XCSwiftPackageProductDependency;
			package = 27B060592F28DAD000D4AEC1 /* XCRemoteSwiftPackageReference "swift-transformers" */;
			productName = Tokenizers;
		};
		27B0605E2F28DAD000D4AEC1 /* Transformers */ = {
			isa = XCSwiftPackageProductDependency;
			package = 27B060592F28DAD000D4AEC1 /* XCRemoteSwiftPackageReference "swift-transformers" */;
			productName = Transformers;
		};
/* End XCSwiftPackageProductDependency section */
	};
	rootObject = 6000000000000001 /* Project object */;
}
